// !$*UTF8*$!
{
	archiveVersion = 1;
	classes = {
	};
	objectVersion = 50;
	objects = {

/* Begin PBXBuildFile section */
		72FE9FF42255A30E00D2424B /* AppDelegate.swift in Sources */ = {isa = PBXBuildFile; fileRef = 72FE9FF32255A30E00D2424B /* AppDelegate.swift */; };
		72FE9FF62255A30E00D2424B /* ViewController.swift in Sources */ = {isa = PBXBuildFile; fileRef = 72FE9FF52255A30E00D2424B /* ViewController.swift */; };
		72FE9FF92255A30E00D2424B /* Main.storyboard in Resources */ = {isa = PBXBuildFile; fileRef = 72FE9FF72255A30E00D2424B /* Main.storyboard */; };
		72FE9FFC2255A30E00D2424B /* MyFirstProj.xcdatamodeld in Sources */ = {isa = PBXBuildFile; fileRef = 72FE9FFA2255A30E00D2424B /* MyFirstProj.xcdatamodeld */; };
		72FE9FFE2255A30F00D2424B /* Assets.xcassets in Resources */ = {isa = PBXBuildFile; fileRef = 72FE9FFD2255A30F00D2424B /* Assets.xcassets */; };
		72FEA0012255A30F00D2424B /* LaunchScreen.storyboard in Resources */ = {isa = PBXBuildFile; fileRef = 72FE9FFF2255A30F00D2424B /* LaunchScreen.storyboard */; };
/* End PBXBuildFile section */

/* Begin PBXFileReference section */
		72FE9FF02255A30E00D2424B /* MyFirstProj.app */ = {isa = PBXFileReference; explicitFileType = wrapper.application; includeInIndex = 0; path = MyFirstProj.app; sourceTree = BUILT_PRODUCTS_DIR; };
		72FE9FF32255A30E00D2424B /* AppDelegate.swift */ = {isa = PBXFileReference; lastKnownFileType = sourcecode.swift; path = AppDelegate.swift; sourceTree = "<group>"; };
		72FE9FF52255A30E00D2424B /* ViewController.swift */ = {isa = PBXFileReference; lastKnownFileType = sourcecode.swift; path = ViewController.swift; sourceTree = "<group>"; };
		72FE9FF82255A30E00D2424B /* Base */ = {isa = PBXFileReference; lastKnownFileType = file.storyboard; name = Base; path = Base.lproj/Main.storyboard; sourceTree = "<group>"; };
		72FE9FFB2255A30E00D2424B /* MyFirstProj.xcdatamodel */ = {isa = PBXFileReference; lastKnownFileType = wrapper.xcdatamodel; path = MyFirstProj.xcdatamodel; sourceTree = "<group>"; };
		72FE9FFD2255A30F00D2424B /* Assets.xcassets */ = {isa = PBXFileReference; lastKnownFileType = folder.assetcatalog; path = Assets.xcassets; sourceTree = "<group>"; };
		72FEA0002255A30F00D2424B /* Base */ = {isa = PBXFileReference; lastKnownFileType = file.storyboard; name = Base; path = Base.lproj/LaunchScreen.storyboard; sourceTree = "<group>"; };
		72FEA0022255A30F00D2424B /* Info.plist */ = {isa = PBXFileReference; lastKnownFileType = text.plist.xml; path = Info.plist; sourceTree = "<group>"; };
/* End PBXFileReference section */

/* Begin PBXFrameworksBuildPhase section */
		72FE9FED2255A30E00D2424B /* Frameworks */ = {
			isa = PBXFrameworksBuildPhase;
			buildActionMask = 2147483647;
			files = (
			);
			runOnlyForDeploymentPostprocessing = 0;
		};
/* End PBXFrameworksBuildPhase section */

/* Begin PBXGroup section */
		72FE9FE72255A30D00D2424B = {
			isa = PBXGroup;
			children = (
				72FE9FF22255A30E00D2424B /* MyFirstProj */,
				72FE9FF12255A30E00D2424B /* Products */,
			);
			sourceTree = "<group>";
		};
		72FE9FF12255A30E00D2424B /* Products */ = {
			isa = PBXGroup;
			children = (
				72FE9FF02255A30E00D2424B /* MyFirstProj.app */,
			);
			name = Products;
			sourceTree = "<group>";
		};
		72FE9FF22255A30E00D2424B /* MyFirstProj */ = {
			isa = PBXGroup;
			children = (
				72FE9FF32255A30E00D2424B /* AppDelegate.swift */,
				72FE9FF52255A30E00D2424B /* ViewController.swift */,
				72FE9FF72255A30E00D2424B /* Main.storyboard */,
				72FE9FFD2255A30F00D2424B /* Assets.xcassets */,
				72FE9FFF2255A30F00D2424B /* LaunchScreen.storyboard */,
				72FEA0022255A30F00D2424B /* Info.plist */,
				72FE9FFA2255A30E00D2424B /* MyFirstProj.xcdatamodeld */,
			);
			path = MyFirstProj;
			sourceTree = "<group>";
		};
/* End PBXGroup section */

/* Begin PBXNativeTarget section */
		72FE9FEF2255A30E00D2424B /* MyFirstProj */ = {
			isa = PBXNativeTarget;
			buildConfigurationList = 72FEA0052255A30F00D2424B /* Build configuration list for PBXNativeTarget "MyFirstProj" */;
			buildPhases = (
				72FE9FEC2255A30E00D2424B /* Sources */,
				72FE9FED2255A30E00D2424B /* Frameworks */,
				72FE9FEE2255A30E00D2424B /* Resources */,
			);
			buildRules = (
			);
			dependencies = (
			);
			name = MyFirstProj;
			productName = MyFirstProj;
			productReference = 72FE9FF02255A30E00D2424B /* MyFirstProj.app */;
			productType = "com.apple.product-type.application";
		};
/* End PBXNativeTarget section */

/* Begin PBXProject section */
		72FE9FE82255A30D00D2424B /* Project object */ = {
			isa = PBXProject;
			attributes = {
				LastSwiftUpdateCheck = 0940;
				LastUpgradeCheck = 0940;
				ORGANIZATIONNAME = "syed ali ashraf";
				TargetAttributes = {
					72FE9FEF2255A30E00D2424B = {
						CreatedOnToolsVersion = 9.4;
					};
				};
			};
			buildConfigurationList = 72FE9FEB2255A30D00D2424B /* Build configuration list for PBXProject "MyFirstProj" */;
			compatibilityVersion = "Xcode 9.3";
			developmentRegion = en;
			hasScannedForEncodings = 0;
			knownRegions = (
				en,
				Base,
			);
			mainGroup = 72FE9FE72255A30D00D2424B;
			productRefGroup = 72FE9FF12255A30E00D2424B /* Products */;
			projectDirPath = "";
			projectRoot = "";
			targets = (
				72FE9FEF2255A30E00D2424B /* MyFirstProj */,
			);
		};
/* End PBXProject section */

/* Begin PBXResourcesBuildPhase section */
		72FE9FEE2255A30E00D2424B /* Resources */ = {
			isa = PBXResourcesBuildPhase;
			buildActionMask = 2147483647;
			files = (
				72FEA0012255A30F00D2424B /* LaunchScreen.storyboard in Resources */,
				72FE9FFE2255A30F00D2424B /* Assets.xcassets in Resources */,
				72FE9FF92255A30E00D2424B /* Main.storyboard in Resources */,
			);
			runOnlyForDeploymentPostprocessing = 0;
		};
/* End PBXResourcesBuildPhase section */

/* Begin PBXSourcesBuildPhase section */
		72FE9FEC2255A30E00D2424B /* Sources */ = {
			isa = PBXSourcesBuildPhase;
			buildActionMask = 2147483647;
			files = (
				72FE9FF62255A30E00D2424B /* ViewController.swift in Sources */,
				72FE9FF42255A30E00D2424B /* AppDelegate.swift in Sources */,
				72FE9FFC2255A30E00D2424B /* MyFirstProj.xcdatamodeld in Sources */,
			);
			runOnlyForDeploymentPostprocessing = 0;
		};
/* End PBXSourcesBuildPhase section */

/* Begin PBXVariantGroup section */
		72FE9FF72255A30E00D2424B /* Main.storyboard */ = {
			isa = PBXVariantGroup;
			children = (
				72FE9FF82255A30E00D2424B /* Base */,
			);
			name = Main.storyboard;
			sourceTree = "<group>";
		};
		72FE9FFF2255A30F00D2424B /* LaunchScreen.storyboard */ = {
			isa = PBXVariantGroup;
			children = (
				72FEA0002255A30F00D2424B /* Base */,
			);
			name = LaunchScreen.storyboard;
			sourceTree = "<group>";
		};
/* End PBXVariantGroup section */

/* Begin XCBuildConfiguration section */
		72FEA0032255A30F00D2424B /* Debug */ = {
			isa = XCBuildConfiguration;
			buildSettings = {
				ALWAYS_SEARCH_USER_PATHS = NO;
				CLANG_ANALYZER_NONNULL = YES;
				CLANG_ANALYZER_NUMBER_OBJECT_CONVERSION = YES_AGGRESSIVE;
				CLANG_CXX_LANGUAGE_STANDARD = "gnu++14";
				CLANG_CXX_LIBRARY = "libc++";
				CLANG_ENABLE_MODULES = YES;
				CLANG_ENABLE_OBJC_ARC = YES;
				CLANG_ENABLE_OBJC_WEAK = YES;
				CLANG_WARN_BLOCK_CAPTURE_AUTORELEASING = YES;
				CLANG_WARN_BOOL_CONVERSION = YES;
				CLANG_WARN_COMMA = YES;
				CLANG_WARN_CONSTANT_CONVERSION = YES;
				CLANG_WARN_DEPRECATED_OBJC_IMPLEMENTATIONS = YES;
				CLANG_WARN_DIRECT_OBJC_ISA_USAGE = YES_ERROR;
				CLANG_WARN_DOCUMENTATION_COMMENTS = YES;
				CLANG_WARN_EMPTY_BODY = YES;
				CLANG_WARN_ENUM_CONVERSION = YES;
				CLANG_WARN_INFINITE_RECURSION = YES;
				CLANG_WARN_INT_CONVERSION = YES;
				CLANG_WARN_NON_LITERAL_NULL_CONVERSION = YES;
				CLANG_WARN_OBJC_IMPLICIT_RETAIN_SELF = YES;
				CLANG_WARN_OBJC_LITERAL_CONVERSION = YES;
				CLANG_WARN_OBJC_ROOT_CLASS = YES_ERROR;
				CLANG_WARN_RANGE_LOOP_ANALYSIS = YES;
				CLANG_WARN_STRICT_PROTOTYPES = YES;
				CLANG_WARN_SUSPICIOUS_MOVE = YES;
				CLANG_WARN_UNGUARDED_AVAILABILITY = YES_AGGRESSIVE;
				CLANG_WARN_UNREACHABLE_CODE = YES;
				CLANG_WARN__DUPLICATE_METHOD_MATCH = YES;
				CODE_SIGN_IDENTITY = "iPhone Developer";
				COPY_PHASE_STRIP = NO;
				DEBUG_INFORMATION_FORMAT = dwarf;
				ENABLE_STRICT_OBJC_MSGSEND = YES;
				ENABLE_TESTABILITY = YES;
				GCC_C_LANGUAGE_STANDARD = gnu11;
				GCC_DYNAMIC_NO_PIC = NO;
				GCC_NO_COMMON_BLOCKS = YES;
				GCC_OPTIMIZATION_LEVEL = 0;
				GCC_PREPROCESSOR_DEFINITIONS = (
					"DEBUG=1",
					"$(inherited)",
				);
				GCC_WARN_64_TO_32_BIT_CONVERSION = YES;
				GCC_WARN_ABOUT_RETURN_TYPE = YES_ERROR;
				GCC_WARN_UNDECLARED_SELECTOR = YES;
				GCC_WARN_UNINITIALIZED_AUTOS = YES_AGGRESSIVE;
				GCC_WARN_UNUSED_FUNCTION = YES;
				GCC_WARN_UNUSED_VARIABLE = YES;
				IPHONEOS_DEPLOYMENT_TARGET = 11.4;
				MTL_ENABLE_DEBUG_INFO = YES;
				ONLY_ACTIVE_ARCH = YES;
				SDKROOT = iphoneos;
				SWIFT_ACTIVE_COMPILATION_CONDITIONS = DEBUG;
				SWIFT_OPTIMIZATION_LEVEL = "-Onone";
			};
			name = Debug;
		};
		72FEA0042255A30F00D2424B /* Release */ = {
			isa = XCBuildConfiguration;
			buildSettings = {
				ALWAYS_SEARCH_USER_PATHS = NO;
				CLANG_ANALYZER_NONNULL = YES;
				CLANG_ANALYZER_NUMBER_OBJECT_CONVERSION = YES_AGGRESSIVE;
				CLANG_CXX_LANGUAGE_STANDARD = "gnu++14";
				CLANG_CXX_LIBRARY = "libc++";
				CLANG_ENABLE_MODULES = YES;
				CLANG_ENABLE_OBJC_ARC = YES;
				CLANG_ENABLE_OBJC_WEAK = YES;
				CLANG_WARN_BLOCK_CAPTURE_AUTORELEASING = YES;
				CLANG_WARN_BOOL_CONVERSION = YES;
				CLANG_WARN_COMMA = YES;
				CLANG_WARN_CONSTANT_CONVERSION = YES;
				CLANG_WARN_DEPRECATED_OBJC_IMPLEMENTATIONS = YES;
				CLANG_WARN_DIRECT_OBJC_ISA_USAGE = YES_ERROR;
				CLANG_WARN_DOCUMENTATION_COMMENTS = YES;
				CLANG_WARN_EMPTY_BODY = YES;
				CLANG_WARN_ENUM_CONVERSION = YES;
				CLANG_WARN_INFINITE_RECURSION = YES;
				CLANG_WARN_INT_CONVERSION = YES;
				CLANG_WARN_NON_LITERAL_NULL_CONVERSION = YES;
				CLANG_WARN_OBJC_IMPLICIT_RETAIN_SELF = YES;
				CLANG_WARN_OBJC_LITERAL_CONVERSION = YES;
				CLANG_WARN_OBJC_ROOT_CLASS = YES_ERROR;
				CLANG_WARN_RANGE_LOOP_ANALYSIS = YES;
				CLANG_WARN_STRICT_PROTOTYPES = YES;
				CLANG_WARN_SUSPICIOUS_MOVE = YES;
				CLANG_WARN_UNGUARDED_AVAILABILITY = YES_AGGRESSIVE;
				CLANG_WARN_UNREACHABLE_CODE = YES;
				CLANG_WARN__DUPLICATE_METHOD_MATCH = YES;
				CODE_SIGN_IDENTITY = "iPhone Developer";
				COPY_PHASE_STRIP = NO;
				DEBUG_INFORMATION_FORMAT = "dwarf-with-dsym";
				ENABLE_NS_ASSERTIONS = NO;
				ENABLE_STRICT_OBJC_MSGSEND = YES;
				GCC_C_LANGUAGE_STANDARD = gnu11;
				GCC_NO_COMMON_BLOCKS = YES;
				GCC_WARN_64_TO_32_BIT_CONVERSION = YES;
				GCC_WARN_ABOUT_RETURN_TYPE = YES_ERROR;
				GCC_WARN_UNDECLARED_SELECTOR = YES;
				GCC_WARN_UNINITIALIZED_AUTOS = YES_AGGRESSIVE;
				GCC_WARN_UNUSED_FUNCTION = YES;
				GCC_WARN_UNUSED_VARIABLE = YES;
				IPHONEOS_DEPLOYMENT_TARGET = 11.4;
				MTL_ENABLE_DEBUG_INFO = NO;
				SDKROOT = iphoneos;
				SWIFT_COMPILATION_MODE = wholemodule;
				SWIFT_OPTIMIZATION_LEVEL = "-O";
				VALIDATE_PRODUCT = YES;
			};
			name = Release;
		};
		72FEA0062255A30F00D2424B /* Debug */ = {
			isa = XCBuildConfiguration;
			buildSettings = {
				ASSETCATALOG_COMPILER_APPICON_NAME = AppIcon;
				CODE_SIGN_STYLE = Automatic;
				INFOPLIST_FILE = MyFirstProj/Info.plist;
				LD_RUNPATH_SEARCH_PATHS = (
					"$(inherited)",
					"@executable_path/Frameworks",
				);
				PRODUCT_BUNDLE_IDENTIFIER = ashraf.MyFirstProj;
				PRODUCT_NAME = "$(TARGET_NAME)";
				SWIFT_VERSION = 4.0;
				TARGETED_DEVICE_FAMILY = "1,2";
			};
			name = Debug;
		};
		72FEA0072255A30F00D2424B /* Release */ = {
			isa = XCBuildConfiguration;
			buildSettings = {
				ASSETCATALOG_COMPILER_APPICON_NAME = AppIcon;
				CODE_SIGN_STYLE = Automatic;
				INFOPLIST_FILE = MyFirstProj/Info.plist;
				LD_RUNPATH_SEARCH_PATHS = (
					"$(inherited)",
					"@executable_path/Frameworks",
				);
				PRODUCT_BUNDLE_IDENTIFIER = ashraf.MyFirstProj;
				PRODUCT_NAME = "$(TARGET_NAME)";
				SWIFT_VERSION = 4.0;
				TARGETED_DEVICE_FAMILY = "1,2";
			};
			name = Release;
		};
/* End XCBuildConfiguration section */

/* Begin XCConfigurationList section */
		72FE9FEB2255A30D00D2424B /* Build configuration list for PBXProject "MyFirstProj" */ = {
			isa = XCConfigurationList;
			buildConfigurations = (
				72FEA0032255A30F00D2424B /* Debug */,
				72FEA0042255A30F00D2424B /* Release */,
			);
			defaultConfigurationIsVisible = 0;
			defaultConfigurationName = Release;
		};
		72FEA0052255A30F00D2424B /* Build configuration list for PBXNativeTarget "MyFirstProj" */ = {
			isa = XCConfigurationList;
			buildConfigurations = (
				72FEA0062255A30F00D2424B /* Debug */,
				72FEA0072255A30F00D2424B /* Release */,
			);
			defaultConfigurationIsVisible = 0;
			defaultConfigurationName = Release;
		};
/* End XCConfigurationList section */

/* Begin XCVersionGroup section */
		72FE9FFA2255A30E00D2424B /* MyFirstProj.xcdatamodeld */ = {
			isa = XCVersionGroup;
			children = (
				72FE9FFB2255A30E00D2424B /* MyFirstProj.xcdatamodel */,
			);
			currentVersion = 72FE9FFB2255A30E00D2424B /* MyFirstProj.xcdatamodel */;
			path = MyFirstProj.xcdatamodeld;
			sourceTree = "<group>";
			versionGroupType = wrapper.xcdatamodel;
		};
/* End XCVersionGroup section */
	};
	rootObject = 72FE9FE82255A30D00D2424B /* Project object */;
}
